
Microsoft Visual Studio Solution File, Format Version 12.00
# Visual Studio 14
VisualStudioVersion = 14.0.25420.1
MinimumVisualStudioVersion = 10.0.40219.1
Project("{FAE04EC0-301F-11D3-BF4B-00C04F79EFBC}") = "YdsKelimeCalis.Droid", "YdsKelimeCalis\YdsKelimeCalis.Droid\YdsKelimeCalis.Droid.csproj", "{FFA9948B-48B2-4DD6-BA2F-5BB57DB7026F}"
EndProject
Project("{FAE04EC0-301F-11D3-BF4B-00C04F79EFBC}") = "YdsKelimeCalis.iOS", "YdsKelimeCalis\YdsKelimeCalis.iOS\YdsKelimeCalis.iOS.csproj", "{8AFCEE83-6B38-45BB-8D9F-F29A70D0AD0C}"
EndProject
Project("{FAE04EC0-301F-11D3-BF4B-00C04F79EFBC}") = "YdsKelimeCalis", "YdsKelimeCalis\YdsKelimeCalis\YdsKelimeCalis.csproj", "{CB3C6E3A-2905-40C2-8A12-C2F9F4D60B4D}"
EndProject
Global
	GlobalSection(SolutionConfigurationPlatforms) = preSolution
		Ad-Hoc|Any CPU = Ad-Hoc|Any CPU
		Ad-Hoc|ARM = Ad-Hoc|ARM
		Ad-Hoc|iPhone = Ad-Hoc|iPhone
		Ad-Hoc|iPhoneSimulator = Ad-Hoc|iPhoneSimulator
		Ad-Hoc|x64 = Ad-Hoc|x64
		Ad-Hoc|x86 = Ad-Hoc|x86
		AppStore|Any CPU = AppStore|Any CPU
		AppStore|ARM = AppStore|ARM
		AppStore|iPhone = AppStore|iPhone
		AppStore|iPhoneSimulator = AppStore|iPhoneSimulator
		AppStore|x64 = AppStore|x64
		AppStore|x86 = AppStore|x86
		Debug|Any CPU = Debug|Any CPU
		Debug|ARM = Debug|ARM
		Debug|iPhone = Debug|iPhone
		Debug|iPhoneSimulator = Debug|iPhoneSimulator
		Debug|x64 = Debug|x64
		Debug|x86 = Debug|x86
		Release|Any CPU = Release|Any CPU
		Release|ARM = Release|ARM
		Release|iPhone = Release|iPhone
		Release|iPhoneSimulator = Release|iPhoneSimulator
		Release|x64 = Release|x64
		Release|x86 = Release|x86
	EndGlobalSection
	GlobalSection(ProjectConfigurationPlatforms) = postSolution
		{FFA9948B-48B2-4DD6-BA2F-5BB57DB7026F}.Ad-Hoc|Any CPU.ActiveCfg = Release|Any CPU
		{FFA9948B-48B2-4DD6-BA2F-5BB57DB7026F}.Ad-Hoc|Any CPU.Build.0 = Release|Any CPU
		{FFA9948B-48B2-4DD6-BA2F-5BB57DB7026F}.Ad-Hoc|Any CPU.Deploy.0 = Release|Any CPU
		{FFA9948B-48B2-4DD6-BA2F-5BB57DB7026F}.Ad-Hoc|ARM.ActiveCfg = Release|Any CPU
		{FFA9948B-48B2-4DD6-BA2F-5BB57DB7026F}.Ad-Hoc|ARM.Build.0 = Release|Any CPU
		{FFA9948B-48B2-4DD6-BA2F-5BB57DB7026F}.Ad-Hoc|ARM.Deploy.0 = Release|Any CPU
		{FFA9948B-48B2-4DD6-BA2F-5BB57DB7026F}.Ad-Hoc|iPhone.ActiveCfg = Release|Any CPU
		{FFA9948B-48B2-4DD6-BA2F-5BB57DB7026F}.Ad-Hoc|iPhone.Build.0 = Release|Any CPU
		{FFA9948B-48B2-4DD6-BA2F-5BB57DB7026F}.Ad-Hoc|iPhone.Deploy.0 = Release|Any CPU
		{FFA9948B-48B2-4DD6-BA2F-5BB57DB7026F}.Ad-Hoc|iPhoneSimulator.ActiveCfg = Release|Any CPU
		{FFA9948B-48B2-4DD6-BA2F-5BB57DB7026F}.Ad-Hoc|iPhoneSimulator.Build.0 = Release|Any CPU
		{FFA9948B-48B2-4DD6-BA2F-5BB57DB7026F}.Ad-Hoc|iPhoneSimulator.Deploy.0 = Release|Any CPU
		{FFA9948B-48B2-4DD6-BA2F-5BB57DB7026F}.Ad-Hoc|x64.ActiveCfg = Release|Any CPU
		{FFA9948B-48B2-4DD6-BA2F-5BB57DB7026F}.Ad-Hoc|x64.Build.0 = Release|Any CPU
		{FFA9948B-48B2-4DD6-BA2F-5BB57DB7026F}.Ad-Hoc|x64.Deploy.0 = Release|Any CPU
		{FFA9948B-48B2-4DD6-BA2F-5BB57DB7026F}.Ad-Hoc|x86.ActiveCfg = Release|Any CPU
		{FFA9948B-48B2-4DD6-BA2F-5BB57DB7026F}.Ad-Hoc|x86.Build.0 = Release|Any CPU
		{FFA9948B-48B2-4DD6-BA2F-5BB57DB7026F}.Ad-Hoc|x86.Deploy.0 = Release|Any CPU
		{FFA9948B-48B2-4DD6-BA2F-5BB57DB7026F}.AppStore|Any CPU.ActiveCfg = Release|Any CPU
		{FFA9948B-48B2-4DD6-BA2F-5BB57DB7026F}.AppStore|Any CPU.Build.0 = Release|Any CPU
		{FFA9948B-48B2-4DD6-BA2F-5BB57DB7026F}.AppStore|Any CPU.Deploy.0 = Release|Any CPU
		{FFA9948B-48B2-4DD6-BA2F-5BB57DB7026F}.AppStore|ARM.ActiveCfg = Release|Any CPU
		{FFA9948B-48B2-4DD6-BA2F-5BB57DB7026F}.AppStore|ARM.Build.0 = Release|Any CPU
		{FFA9948B-48B2-4DD6-BA2F-5BB57DB7026F}.AppStore|ARM.Deploy.0 = Release|Any CPU
		{FFA9948B-48B2-4DD6-BA2F-5BB57DB7026F}.AppStore|iPhone.ActiveCfg = Release|Any CPU
		{FFA9948B-48B2-4DD6-BA2F-5BB57DB7026F}.AppStore|iPhone.Build.0 = Release|Any CPU
		{FFA9948B-48B2-4DD6-BA2F-5BB57DB7026F}.AppStore|iPhone.Deploy.0 = Release|Any CPU
		{FFA9948B-48B2-4DD6-BA2F-5BB57DB7026F}.AppStore|iPhoneSimulator.ActiveCfg = Release|Any CPU
		{FFA9948B-48B2-4DD6-BA2F-5BB57DB7026F}.AppStore|iPhoneSimulator.Build.0 = Release|Any CPU
		{FFA9948B-48B2-4DD6-BA2F-5BB57DB7026F}.AppStore|iPhoneSimulator.Deploy.0 = Release|Any CPU
		{FFA9948B-48B2-4DD6-BA2F-5BB57DB7026F}.AppStore|x64.ActiveCfg = Release|Any CPU
		{FFA9948B-48B2-4DD6-BA2F-5BB57DB7026F}.AppStore|x64.Build.0 = Release|Any CPU
		{FFA9948B-48B2-4DD6-BA2F-5BB57DB7026F}.AppStore|x64.Deploy.0 = Release|Any CPU
		{FFA9948B-48B2-4DD6-BA2F-5BB57DB7026F}.AppStore|x86.ActiveCfg = Release|Any CPU
		{FFA9948B-48B2-4DD6-BA2F-5BB57DB7026F}.AppStore|x86.Build.0 = Release|Any CPU
		{FFA9948B-48B2-4DD6-BA2F-5BB57DB7026F}.AppStore|x86.Deploy.0 = Release|Any CPU
		{FFA9948B-48B2-4DD6-BA2F-5BB57DB7026F}.Debug|Any CPU.ActiveCfg = Debug|Any CPU
		{FFA9948B-48B2-4DD6-BA2F-5BB57DB7026F}.Debug|Any CPU.Build.0 = Debug|Any CPU
		{FFA9948B-48B2-4DD6-BA2F-5BB57DB7026F}.Debug|Any CPU.Deploy.0 = Debug|Any CPU
		{FFA9948B-48B2-4DD6-BA2F-5BB57DB7026F}.Debug|ARM.ActiveCfg = Debug|Any CPU
		{FFA9948B-48B2-4DD6-BA2F-5BB57DB7026F}.Debug|ARM.Build.0 = Debug|Any CPU
		{FFA9948B-48B2-4DD6-BA2F-5BB57DB7026F}.Debug|ARM.Deploy.0 = Debug|Any CPU
		{FFA9948B-48B2-4DD6-BA2F-5BB57DB7026F}.Debug|iPhone.ActiveCfg = Debug|Any CPU
		{FFA9948B-48B2-4DD6-BA2F-5BB57DB7026F}.Debug|iPhone.Build.0 = Debug|Any CPU
		{FFA9948B-48B2-4DD6-BA2F-5BB57DB7026F}.Debug|iPhone.Deploy.0 = Debug|Any CPU
		{FFA9948B-48B2-4DD6-BA2F-5BB57DB7026F}.Debug|iPhoneSimulator.ActiveCfg = Debug|Any CPU
		{FFA9948B-48B2-4DD6-BA2F-5BB57DB7026F}.Debug|iPhoneSimulator.Build.0 = Debug|Any CPU
		{FFA9948B-48B2-4DD6-BA2F-5BB57DB7026F}.Debug|iPhoneSimulator.Deploy.0 = Debug|Any CPU
		{FFA9948B-48B2-4DD6-BA2F-5BB57DB7026F}.Debug|x64.ActiveCfg = Debug|Any CPU
		{FFA9948B-48B2-4DD6-BA2F-5BB57DB7026F}.Debug|x64.Build.0 = Debug|Any CPU
		{FFA9948B-48B2-4DD6-BA2F-5BB57DB7026F}.Debug|x64.Deploy.0 = Debug|Any CPU
		{FFA9948B-48B2-4DD6-BA2F-5BB57DB7026F}.Debug|x86.ActiveCfg = Debug|Any CPU
		{FFA9948B-48B2-4DD6-BA2F-5BB57DB7026F}.Debug|x86.Build.0 = Debug|Any CPU
		{FFA9948B-48B2-4DD6-BA2F-5BB57DB7026F}.Debug|x86.Deploy.0 = Debug|Any CPU
		{FFA9948B-48B2-4DD6-BA2F-5BB57DB7026F}.Release|Any CPU.ActiveCfg = Release|Any CPU
		{FFA9948B-48B2-4DD6-BA2F-5BB57DB7026F}.Release|Any CPU.Build.0 = Release|Any CPU
		{FFA9948B-48B2-4DD6-BA2F-5BB57DB7026F}.Release|Any CPU.Deploy.0 = Release|Any CPU
		{FFA9948B-48B2-4DD6-BA2F-5BB57DB7026F}.Release|ARM.ActiveCfg = Release|Any CPU
		{FFA9948B-48B2-4DD6-BA2F-5BB57DB7026F}.Release|ARM.Build.0 = Release|Any CPU
		{FFA9948B-48B2-4DD6-BA2F-5BB57DB7026F}.Release|ARM.Deploy.0 = Release|Any CPU
		{FFA9948B-48B2-4DD6-BA2F-5BB57DB7026F}.Release|iPhone.ActiveCfg = Release|Any CPU
		{FFA9948B-48B2-4DD6-BA2F-5BB57DB7026F}.Release|iPhone.Build.0 = Release|Any CPU
		{FFA9948B-48B2-4DD6-BA2F-5BB57DB7026F}.Release|iPhone.Deploy.0 = Release|Any CPU
		{FFA9948B-48B2-4DD6-BA2F-5BB57DB7026F}.Release|iPhoneSimulator.ActiveCfg = Release|Any CPU
		{FFA9948B-48B2-4DD6-BA2F-5BB57DB7026F}.Release|iPhoneSimulator.Build.0 = Release|Any CPU
		{FFA9948B-48B2-4DD6-BA2F-5BB57DB7026F}.Release|iPhoneSimulator.Deploy.0 = Release|Any CPU
		{FFA9948B-48B2-4DD6-BA2F-5BB57DB7026F}.Release|x64.ActiveCfg = Release|Any CPU
		{FFA9948B-48B2-4DD6-BA2F-5BB57DB7026F}.Release|x64.Build.0 = Release|Any CPU
		{FFA9948B-48B2-4DD6-BA2F-5BB57DB7026F}.Release|x64.Deploy.0 = Release|Any CPU
		{FFA9948B-48B2-4DD6-BA2F-5BB57DB7026F}.Release|x86.ActiveCfg = Release|Any CPU
		{FFA9948B-48B2-4DD6-BA2F-5BB57DB7026F}.Release|x86.Build.0 = Release|Any CPU
		{FFA9948B-48B2-4DD6-BA2F-5BB57DB7026F}.Release|x86.Deploy.0 = Release|Any CPU
		{8AFCEE83-6B38-45BB-8D9F-F29A70D0AD0C}.Ad-Hoc|Any CPU.ActiveCfg = Ad-Hoc|iPhone
		{8AFCEE83-6B38-45BB-8D9F-F29A70D0AD0C}.Ad-Hoc|ARM.ActiveCfg = Ad-Hoc|iPhone
		{8AFCEE83-6B38-45BB-8D9F-F29A70D0AD0C}.Ad-Hoc|iPhone.ActiveCfg = Ad-Hoc|iPhone
		{8AFCEE83-6B38-45BB-8D9F-F29A70D0AD0C}.Ad-Hoc|iPhone.Build.0 = Ad-Hoc|iPhone
		{8AFCEE83-6B38-45BB-8D9F-F29A70D0AD0C}.Ad-Hoc|iPhoneSimulator.ActiveCfg = Ad-Hoc|iPhoneSimulator
		{8AFCEE83-6B38-45BB-8D9F-F29A70D0AD0C}.Ad-Hoc|iPhoneSimulator.Build.0 = Ad-Hoc|iPhoneSimulator
		{8AFCEE83-6B38-45BB-8D9F-F29A70D0AD0C}.Ad-Hoc|x64.ActiveCfg = Ad-Hoc|iPhone
		{8AFCEE83-6B38-45BB-8D9F-F29A70D0AD0C}.Ad-Hoc|x86.ActiveCfg = Ad-Hoc|iPhone
		{8AFCEE83-6B38-45BB-8D9F-F29A70D0AD0C}.AppStore|Any CPU.ActiveCfg = AppStore|iPhone
		{8AFCEE83-6B38-45BB-8D9F-F29A70D0AD0C}.AppStore|ARM.ActiveCfg = AppStore|iPhone
		{8AFCEE83-6B38-45BB-8D9F-F29A70D0AD0C}.AppStore|iPhone.ActiveCfg = AppStore|iPhone
		{8AFCEE83-6B38-45BB-8D9F-F29A70D0AD0C}.AppStore|iPhone.Build.0 = AppStore|iPhone
		{8AFCEE83-6B38-45BB-8D9F-F29A70D0AD0C}.AppStore|iPhoneSimulator.ActiveCfg = AppStore|iPhoneSimulator
		{8AFCEE83-6B38-45BB-8D9F-F29A70D0AD0C}.AppStore|iPhoneSimulator.Build.0 = AppStore|iPhoneSimulator
		{8AFCEE83-6B38-45BB-8D9F-F29A70D0AD0C}.AppStore|x64.ActiveCfg = AppStore|iPhone
		{8AFCEE83-6B38-45BB-8D9F-F29A70D0AD0C}.AppStore|x86.ActiveCfg = AppStore|iPhone
		{8AFCEE83-6B38-45BB-8D9F-F29A70D0AD0C}.Debug|Any CPU.ActiveCfg = Debug|iPhone
		{8AFCEE83-6B38-45BB-8D9F-F29A70D0AD0C}.Debug|ARM.ActiveCfg = Debug|iPhone
		{8AFCEE83-6B38-45BB-8D9F-F29A70D0AD0C}.Debug|iPhone.ActiveCfg = Debug|iPhone
		{8AFCEE83-6B38-45BB-8D9F-F29A70D0AD0C}.Debug|iPhone.Build.0 = Debug|iPhone
		{8AFCEE83-6B38-45BB-8D9F-F29A70D0AD0C}.Debug|iPhoneSimulator.ActiveCfg = Debug|iPhoneSimulator
		{8AFCEE83-6B38-45BB-8D9F-F29A70D0AD0C}.Debug|iPhoneSimulator.Build.0 = Debug|iPhoneSimulator
		{8AFCEE83-6B38-45BB-8D9F-F29A70D0AD0C}.Debug|x64.ActiveCfg = Debug|iPhone
		{8AFCEE83-6B38-45BB-8D9F-F29A70D0AD0C}.Debug|x86.ActiveCfg = Debug|iPhone
		{8AFCEE83-6B38-45BB-8D9F-F29A70D0AD0C}.Release|Any CPU.ActiveCfg = Release|iPhone
		{8AFCEE83-6B38-45BB-8D9F-F29A70D0AD0C}.Release|ARM.ActiveCfg = Release|iPhone
		{8AFCEE83-6B38-45BB-8D9F-F29A70D0AD0C}.Release|iPhone.ActiveCfg = Release|iPhone
		{8AFCEE83-6B38-45BB-8D9F-F29A70D0AD0C}.Release|iPhone.Build.0 = Release|iPhone
		{8AFCEE83-6B38-45BB-8D9F-F29A70D0AD0C}.Release|iPhoneSimulator.ActiveCfg = Release|iPhoneSimulator
		{8AFCEE83-6B38-45BB-8D9F-F29A70D0AD0C}.Release|iPhoneSimulator.Build.0 = Release|iPhoneSimulator
		{8AFCEE83-6B38-45BB-8D9F-F29A70D0AD0C}.Release|x64.ActiveCfg = Release|iPhone
		{8AFCEE83-6B38-45BB-8D9F-F29A70D0AD0C}.Release|x86.ActiveCfg = Release|iPhone
		{CB3C6E3A-2905-40C2-8A12-C2F9F4D60B4D}.Ad-Hoc|Any CPU.ActiveCfg = Release|Any CPU
		{CB3C6E3A-2905-40C2-8A12-C2F9F4D60B4D}.Ad-Hoc|Any CPU.Build.0 = Release|Any CPU
		{CB3C6E3A-2905-40C2-8A12-C2F9F4D60B4D}.Ad-Hoc|ARM.ActiveCfg = Release|Any CPU
		{CB3C6E3A-2905-40C2-8A12-C2F9F4D60B4D}.Ad-Hoc|ARM.Build.0 = Release|Any CPU
		{CB3C6E3A-2905-40C2-8A12-C2F9F4D60B4D}.Ad-Hoc|iPhone.ActiveCfg = Release|Any CPU
		{CB3C6E3A-2905-40C2-8A12-C2F9F4D60B4D}.Ad-Hoc|iPhone.Build.0 = Release|Any CPU
		{CB3C6E3A-2905-40C2-8A12-C2F9F4D60B4D}.Ad-Hoc|iPhoneSimulator.ActiveCfg = Release|Any CPU
		{CB3C6E3A-2905-40C2-8A12-C2F9F4D60B4D}.Ad-Hoc|iPhoneSimulator.Build.0 = Release|Any CPU
		{CB3C6E3A-2905-40C2-8A12-C2F9F4D60B4D}.Ad-Hoc|x64.ActiveCfg = Release|Any CPU
		{CB3C6E3A-2905-40C2-8A12-C2F9F4D60B4D}.Ad-Hoc|x64.Build.0 = Release|Any CPU
		{CB3C6E3A-2905-40C2-8A12-C2F9F4D60B4D}.Ad-Hoc|x86.ActiveCfg = Release|Any CPU
		{CB3C6E3A-2905-40C2-8A12-C2F9F4D60B4D}.Ad-Hoc|x86.Build.0 = Release|Any CPU
		{CB3C6E3A-2905-40C2-8A12-C2F9F4D60B4D}.AppStore|Any CPU.ActiveCfg = Release|Any CPU
		{CB3C6E3A-2905-40C2-8A12-C2F9F4D60B4D}.AppStore|Any CPU.Build.0 = Release|Any CPU
		{CB3C6E3A-2905-40C2-8A12-C2F9F4D60B4D}.AppStore|ARM.ActiveCfg = Release|Any CPU
		{CB3C6E3A-2905-40C2-8A12-C2F9F4D60B4D}.AppStore|ARM.Build.0 = Release|Any CPU
		{CB3C6E3A-2905-40C2-8A12-C2F9F4D60B4D}.AppStore|iPhone.ActiveCfg = Release|Any CPU
		{CB3C6E3A-2905-40C2-8A12-C2F9F4D60B4D}.AppStore|iPhone.Build.0 = Release|Any CPU
		{CB3C6E3A-2905-40C2-8A12-C2F9F4D60B4D}.AppStore|iPhoneSimulator.ActiveCfg = Release|Any CPU
		{CB3C6E3A-2905-40C2-8A12-C2F9F4D60B4D}.AppStore|iPhoneSimulator.Build.0 = Release|Any CPU
		{CB3C6E3A-2905-40C2-8A12-C2F9F4D60B4D}.AppStore|x64.ActiveCfg = Release|Any CPU
		{CB3C6E3A-2905-40C2-8A12-C2F9F4D60B4D}.AppStore|x64.Build.0 = Release|Any CPU
		{CB3C6E3A-2905-40C2-8A12-C2F9F4D60B4D}.AppStore|x86.ActiveCfg = Release|Any CPU
		{CB3C6E3A-2905-40C2-8A12-C2F9F4D60B4D}.AppStore|x86.Build.0 = Release|Any CPU
		{CB3C6E3A-2905-40C2-8A12-C2F9F4D60B4D}.Debug|Any CPU.ActiveCfg = Debug|Any CPU
		{CB3C6E3A-2905-40C2-8A12-C2F9F4D60B4D}.Debug|Any CPU.Build.0 = Debug|Any CPU
		{CB3C6E3A-2905-40C2-8A12-C2F9F4D60B4D}.Debug|ARM.ActiveCfg = Debug|Any CPU
		{CB3C6E3A-2905-40C2-8A12-C2F9F4D60B4D}.Debug|ARM.Build.0 = Debug|Any CPU
		{CB3C6E3A-2905-40C2-8A12-C2F9F4D60B4D}.Debug|iPhone.ActiveCfg = Debug|Any CPU
		{CB3C6E3A-2905-40C2-8A12-C2F9F4D60B4D}.Debug|iPhone.Build.0 = Debug|Any CPU
		{CB3C6E3A-2905-40C2-8A12-C2F9F4D60B4D}.Debug|iPhoneSimulator.ActiveCfg = Debug|Any CPU
		{CB3C6E3A-2905-40C2-8A12-C2F9F4D60B4D}.Debug|iPhoneSimulator.Build.0 = Debug|Any CPU
		{CB3C6E3A-2905-40C2-8A12-C2F9F4D60B4D}.Debug|x64.ActiveCfg = Debug|Any CPU
		{CB3C6E3A-2905-40C2-8A12-C2F9F4D60B4D}.Debug|x64.Build.0 = Debug|Any CPU
		{CB3C6E3A-2905-40C2-8A12-C2F9F4D60B4D}.Debug|x86.ActiveCfg = Debug|Any CPU
		{CB3C6E3A-2905-40C2-8A12-C2F9F4D60B4D}.Debug|x86.Build.0 = Debug|Any CPU
		{CB3C6E3A-2905-40C2-8A12-C2F9F4D60B4D}.Release|Any CPU.ActiveCfg = Release|Any CPU
		{CB3C6E3A-2905-40C2-8A12-C2F9F4D60B4D}.Release|Any CPU.Build.0 = Release|Any CPU
		{CB3C6E3A-2905-40C2-8A12-C2F9F4D60B4D}.Release|ARM.ActiveCfg = Release|Any CPU
		{CB3C6E3A-2905-40C2-8A12-C2F9F4D60B4D}.Release|ARM.Build.0 = Release|Any CPU
		{CB3C6E3A-2905-40C2-8A12-C2F9F4D60B4D}.Release|iPhone.ActiveCfg = Release|Any CPU
		{CB3C6E3A-2905-40C2-8A12-C2F9F4D60B4D}.Release|iPhone.Build.0 = Release|Any CPU
		{CB3C6E3A-2905-40C2-8A12-C2F9F4D60B4D}.Release|iPhoneSimulator.ActiveCfg = Release|Any CPU
		{CB3C6E3A-2905-40C2-8A12-C2F9F4D60B4D}.Release|iPhoneSimulator.Build.0 = Release|Any CPU
		{CB3C6E3A-2905-40C2-8A12-C2F9F4D60B4D}.Release|x64.ActiveCfg = Release|Any CPU
		{CB3C6E3A-2905-40C2-8A12-C2F9F4D60B4D}.Release|x64.Build.0 = Release|Any CPU
		{CB3C6E3A-2905-40C2-8A12-C2F9F4D60B4D}.Release|x86.ActiveCfg = Release|Any CPU
		{CB3C6E3A-2905-40C2-8A12-C2F9F4D60B4D}.Release|x86.Build.0 = Release|Any CPU
	EndGlobalSection
	GlobalSection(SolutionProperties) = preSolution
		HideSolutionNode = FALSE
	EndGlobalSection
EndGlobal
