
Microsoft Visual Studio Solution File, Format Version 12.00
# Visual Studio 14
VisualStudioVersion = 14.0.25420.1
MinimumVisualStudioVersion = 10.0.40219.1
Project("{FAE04EC0-301F-11D3-BF4B-00C04F79EFBC}") = "YdsKelimeCalis.Droid", "YdsKelimeCalis\YdsKelimeCalis.Droid\YdsKelimeCalis.Droid.csproj", "{38877F0E-35EB-4741-A46B-D0C0ED15D616}"
EndProject
Project("{FAE04EC0-301F-11D3-BF4B-00C04F79EFBC}") = "YdsKelimeCalis.iOS", "YdsKelimeCalis\YdsKelimeCalis.iOS\YdsKelimeCalis.iOS.csproj", "{7EE4C3F0-A3B1-419D-B428-8ACE16371928}"
EndProject
Project("{FAE04EC0-301F-11D3-BF4B-00C04F79EFBC}") = "YdsKelimeCalis.WinPhone", "YdsKelimeCalis\YdsKelimeCalis.WinPhone\YdsKelimeCalis.WinPhone.csproj", "{A7B57140-B3DC-4D80-8D3F-2E4B166F91AD}"
EndProject
Project("{FAE04EC0-301F-11D3-BF4B-00C04F79EFBC}") = "YdsKelimeCalis.Windows", "YdsKelimeCalis\YdsKelimeCalis.Windows\YdsKelimeCalis.Windows.csproj", "{ADC1334C-1E48-4245-B71D-4335BC5CD844}"
EndProject
Project("{FAE04EC0-301F-11D3-BF4B-00C04F79EFBC}") = "YdsKelimeCalis", "YdsKelimeCalis\YdsKelimeCalis\YdsKelimeCalis.csproj", "{391ECE4F-A359-4E21-AAA6-A5270F24C792}"
EndProject
Global
	GlobalSection(SolutionConfigurationPlatforms) = preSolution
		Ad-Hoc|Any CPU = Ad-Hoc|Any CPU
		Ad-Hoc|ARM = Ad-Hoc|ARM
		Ad-Hoc|iPhone = Ad-Hoc|iPhone
		Ad-Hoc|iPhoneSimulator = Ad-Hoc|iPhoneSimulator
		Ad-Hoc|x64 = Ad-Hoc|x64
		Ad-Hoc|x86 = Ad-Hoc|x86
		AppStore|Any CPU = AppStore|Any CPU
		AppStore|ARM = AppStore|ARM
		AppStore|iPhone = AppStore|iPhone
		AppStore|iPhoneSimulator = AppStore|iPhoneSimulator
		AppStore|x64 = AppStore|x64
		AppStore|x86 = AppStore|x86
		Debug|Any CPU = Debug|Any CPU
		Debug|ARM = Debug|ARM
		Debug|iPhone = Debug|iPhone
		Debug|iPhoneSimulator = Debug|iPhoneSimulator
		Debug|x64 = Debug|x64
		Debug|x86 = Debug|x86
		Release|Any CPU = Release|Any CPU
		Release|ARM = Release|ARM
		Release|iPhone = Release|iPhone
		Release|iPhoneSimulator = Release|iPhoneSimulator
		Release|x64 = Release|x64
		Release|x86 = Release|x86
	EndGlobalSection
	GlobalSection(ProjectConfigurationPlatforms) = postSolution
		{38877F0E-35EB-4741-A46B-D0C0ED15D616}.Ad-Hoc|Any CPU.ActiveCfg = Release|Any CPU
		{38877F0E-35EB-4741-A46B-D0C0ED15D616}.Ad-Hoc|Any CPU.Build.0 = Release|Any CPU
		{38877F0E-35EB-4741-A46B-D0C0ED15D616}.Ad-Hoc|Any CPU.Deploy.0 = Release|Any CPU
		{38877F0E-35EB-4741-A46B-D0C0ED15D616}.Ad-Hoc|ARM.ActiveCfg = Release|Any CPU
		{38877F0E-35EB-4741-A46B-D0C0ED15D616}.Ad-Hoc|ARM.Build.0 = Release|Any CPU
		{38877F0E-35EB-4741-A46B-D0C0ED15D616}.Ad-Hoc|ARM.Deploy.0 = Release|Any CPU
		{38877F0E-35EB-4741-A46B-D0C0ED15D616}.Ad-Hoc|iPhone.ActiveCfg = Release|Any CPU
		{38877F0E-35EB-4741-A46B-D0C0ED15D616}.Ad-Hoc|iPhone.Build.0 = Release|Any CPU
		{38877F0E-35EB-4741-A46B-D0C0ED15D616}.Ad-Hoc|iPhone.Deploy.0 = Release|Any CPU
		{38877F0E-35EB-4741-A46B-D0C0ED15D616}.Ad-Hoc|iPhoneSimulator.ActiveCfg = Release|Any CPU
		{38877F0E-35EB-4741-A46B-D0C0ED15D616}.Ad-Hoc|iPhoneSimulator.Build.0 = Release|Any CPU
		{38877F0E-35EB-4741-A46B-D0C0ED15D616}.Ad-Hoc|iPhoneSimulator.Deploy.0 = Release|Any CPU
		{38877F0E-35EB-4741-A46B-D0C0ED15D616}.Ad-Hoc|x64.ActiveCfg = Release|Any CPU
		{38877F0E-35EB-4741-A46B-D0C0ED15D616}.Ad-Hoc|x64.Build.0 = Release|Any CPU
		{38877F0E-35EB-4741-A46B-D0C0ED15D616}.Ad-Hoc|x64.Deploy.0 = Release|Any CPU
		{38877F0E-35EB-4741-A46B-D0C0ED15D616}.Ad-Hoc|x86.ActiveCfg = Release|Any CPU
		{38877F0E-35EB-4741-A46B-D0C0ED15D616}.Ad-Hoc|x86.Build.0 = Release|Any CPU
		{38877F0E-35EB-4741-A46B-D0C0ED15D616}.Ad-Hoc|x86.Deploy.0 = Release|Any CPU
		{38877F0E-35EB-4741-A46B-D0C0ED15D616}.AppStore|Any CPU.ActiveCfg = Release|Any CPU
		{38877F0E-35EB-4741-A46B-D0C0ED15D616}.AppStore|Any CPU.Build.0 = Release|Any CPU
		{38877F0E-35EB-4741-A46B-D0C0ED15D616}.AppStore|Any CPU.Deploy.0 = Release|Any CPU
		{38877F0E-35EB-4741-A46B-D0C0ED15D616}.AppStore|ARM.ActiveCfg = Release|Any CPU
		{38877F0E-35EB-4741-A46B-D0C0ED15D616}.AppStore|ARM.Build.0 = Release|Any CPU
		{38877F0E-35EB-4741-A46B-D0C0ED15D616}.AppStore|ARM.Deploy.0 = Release|Any CPU
		{38877F0E-35EB-4741-A46B-D0C0ED15D616}.AppStore|iPhone.ActiveCfg = Release|Any CPU
		{38877F0E-35EB-4741-A46B-D0C0ED15D616}.AppStore|iPhone.Build.0 = Release|Any CPU
		{38877F0E-35EB-4741-A46B-D0C0ED15D616}.AppStore|iPhone.Deploy.0 = Release|Any CPU
		{38877F0E-35EB-4741-A46B-D0C0ED15D616}.AppStore|iPhoneSimulator.ActiveCfg = Release|Any CPU
		{38877F0E-35EB-4741-A46B-D0C0ED15D616}.AppStore|iPhoneSimulator.Build.0 = Release|Any CPU
		{38877F0E-35EB-4741-A46B-D0C0ED15D616}.AppStore|iPhoneSimulator.Deploy.0 = Release|Any CPU
		{38877F0E-35EB-4741-A46B-D0C0ED15D616}.AppStore|x64.ActiveCfg = Release|Any CPU
		{38877F0E-35EB-4741-A46B-D0C0ED15D616}.AppStore|x64.Build.0 = Release|Any CPU
		{38877F0E-35EB-4741-A46B-D0C0ED15D616}.AppStore|x64.Deploy.0 = Release|Any CPU
		{38877F0E-35EB-4741-A46B-D0C0ED15D616}.AppStore|x86.ActiveCfg = Release|Any CPU
		{38877F0E-35EB-4741-A46B-D0C0ED15D616}.AppStore|x86.Build.0 = Release|Any CPU
		{38877F0E-35EB-4741-A46B-D0C0ED15D616}.AppStore|x86.Deploy.0 = Release|Any CPU
		{38877F0E-35EB-4741-A46B-D0C0ED15D616}.Debug|Any CPU.ActiveCfg = Debug|Any CPU
		{38877F0E-35EB-4741-A46B-D0C0ED15D616}.Debug|Any CPU.Build.0 = Debug|Any CPU
		{38877F0E-35EB-4741-A46B-D0C0ED15D616}.Debug|Any CPU.Deploy.0 = Debug|Any CPU
		{38877F0E-35EB-4741-A46B-D0C0ED15D616}.Debug|ARM.ActiveCfg = Debug|Any CPU
		{38877F0E-35EB-4741-A46B-D0C0ED15D616}.Debug|ARM.Build.0 = Debug|Any CPU
		{38877F0E-35EB-4741-A46B-D0C0ED15D616}.Debug|ARM.Deploy.0 = Debug|Any CPU
		{38877F0E-35EB-4741-A46B-D0C0ED15D616}.Debug|iPhone.ActiveCfg = Debug|Any CPU
		{38877F0E-35EB-4741-A46B-D0C0ED15D616}.Debug|iPhone.Build.0 = Debug|Any CPU
		{38877F0E-35EB-4741-A46B-D0C0ED15D616}.Debug|iPhone.Deploy.0 = Debug|Any CPU
		{38877F0E-35EB-4741-A46B-D0C0ED15D616}.Debug|iPhoneSimulator.ActiveCfg = Debug|Any CPU
		{38877F0E-35EB-4741-A46B-D0C0ED15D616}.Debug|iPhoneSimulator.Build.0 = Debug|Any CPU
		{38877F0E-35EB-4741-A46B-D0C0ED15D616}.Debug|iPhoneSimulator.Deploy.0 = Debug|Any CPU
		{38877F0E-35EB-4741-A46B-D0C0ED15D616}.Debug|x64.ActiveCfg = Debug|Any CPU
		{38877F0E-35EB-4741-A46B-D0C0ED15D616}.Debug|x64.Build.0 = Debug|Any CPU
		{38877F0E-35EB-4741-A46B-D0C0ED15D616}.Debug|x64.Deploy.0 = Debug|Any CPU
		{38877F0E-35EB-4741-A46B-D0C0ED15D616}.Debug|x86.ActiveCfg = Debug|Any CPU
		{38877F0E-35EB-4741-A46B-D0C0ED15D616}.Debug|x86.Build.0 = Debug|Any CPU
		{38877F0E-35EB-4741-A46B-D0C0ED15D616}.Debug|x86.Deploy.0 = Debug|Any CPU
		{38877F0E-35EB-4741-A46B-D0C0ED15D616}.Release|Any CPU.ActiveCfg = Release|Any CPU
		{38877F0E-35EB-4741-A46B-D0C0ED15D616}.Release|Any CPU.Build.0 = Release|Any CPU
		{38877F0E-35EB-4741-A46B-D0C0ED15D616}.Release|Any CPU.Deploy.0 = Release|Any CPU
		{38877F0E-35EB-4741-A46B-D0C0ED15D616}.Release|ARM.ActiveCfg = Release|Any CPU
		{38877F0E-35EB-4741-A46B-D0C0ED15D616}.Release|ARM.Build.0 = Release|Any CPU
		{38877F0E-35EB-4741-A46B-D0C0ED15D616}.Release|ARM.Deploy.0 = Release|Any CPU
		{38877F0E-35EB-4741-A46B-D0C0ED15D616}.Release|iPhone.ActiveCfg = Release|Any CPU
		{38877F0E-35EB-4741-A46B-D0C0ED15D616}.Release|iPhone.Build.0 = Release|Any CPU
		{38877F0E-35EB-4741-A46B-D0C0ED15D616}.Release|iPhone.Deploy.0 = Release|Any CPU
		{38877F0E-35EB-4741-A46B-D0C0ED15D616}.Release|iPhoneSimulator.ActiveCfg = Release|Any CPU
		{38877F0E-35EB-4741-A46B-D0C0ED15D616}.Release|iPhoneSimulator.Build.0 = Release|Any CPU
		{38877F0E-35EB-4741-A46B-D0C0ED15D616}.Release|iPhoneSimulator.Deploy.0 = Release|Any CPU
		{38877F0E-35EB-4741-A46B-D0C0ED15D616}.Release|x64.ActiveCfg = Release|Any CPU
		{38877F0E-35EB-4741-A46B-D0C0ED15D616}.Release|x64.Build.0 = Release|Any CPU
		{38877F0E-35EB-4741-A46B-D0C0ED15D616}.Release|x64.Deploy.0 = Release|Any CPU
		{38877F0E-35EB-4741-A46B-D0C0ED15D616}.Release|x86.ActiveCfg = Release|Any CPU
		{38877F0E-35EB-4741-A46B-D0C0ED15D616}.Release|x86.Build.0 = Release|Any CPU
		{38877F0E-35EB-4741-A46B-D0C0ED15D616}.Release|x86.Deploy.0 = Release|Any CPU
		{7EE4C3F0-A3B1-419D-B428-8ACE16371928}.Ad-Hoc|Any CPU.ActiveCfg = Ad-Hoc|iPhone
		{7EE4C3F0-A3B1-419D-B428-8ACE16371928}.Ad-Hoc|ARM.ActiveCfg = Ad-Hoc|iPhone
		{7EE4C3F0-A3B1-419D-B428-8ACE16371928}.Ad-Hoc|iPhone.ActiveCfg = Ad-Hoc|iPhone
		{7EE4C3F0-A3B1-419D-B428-8ACE16371928}.Ad-Hoc|iPhone.Build.0 = Ad-Hoc|iPhone
		{7EE4C3F0-A3B1-419D-B428-8ACE16371928}.Ad-Hoc|iPhoneSimulator.ActiveCfg = Ad-Hoc|iPhoneSimulator
		{7EE4C3F0-A3B1-419D-B428-8ACE16371928}.Ad-Hoc|iPhoneSimulator.Build.0 = Ad-Hoc|iPhoneSimulator
		{7EE4C3F0-A3B1-419D-B428-8ACE16371928}.Ad-Hoc|x64.ActiveCfg = Ad-Hoc|iPhone
		{7EE4C3F0-A3B1-419D-B428-8ACE16371928}.Ad-Hoc|x86.ActiveCfg = Ad-Hoc|iPhone
		{7EE4C3F0-A3B1-419D-B428-8ACE16371928}.AppStore|Any CPU.ActiveCfg = AppStore|iPhone
		{7EE4C3F0-A3B1-419D-B428-8ACE16371928}.AppStore|ARM.ActiveCfg = AppStore|iPhone
		{7EE4C3F0-A3B1-419D-B428-8ACE16371928}.AppStore|iPhone.ActiveCfg = AppStore|iPhone
		{7EE4C3F0-A3B1-419D-B428-8ACE16371928}.AppStore|iPhone.Build.0 = AppStore|iPhone
		{7EE4C3F0-A3B1-419D-B428-8ACE16371928}.AppStore|iPhoneSimulator.ActiveCfg = AppStore|iPhoneSimulator
		{7EE4C3F0-A3B1-419D-B428-8ACE16371928}.AppStore|iPhoneSimulator.Build.0 = AppStore|iPhoneSimulator
		{7EE4C3F0-A3B1-419D-B428-8ACE16371928}.AppStore|x64.ActiveCfg = AppStore|iPhone
		{7EE4C3F0-A3B1-419D-B428-8ACE16371928}.AppStore|x86.ActiveCfg = AppStore|iPhone
		{7EE4C3F0-A3B1-419D-B428-8ACE16371928}.Debug|Any CPU.ActiveCfg = Debug|iPhone
		{7EE4C3F0-A3B1-419D-B428-8ACE16371928}.Debug|ARM.ActiveCfg = Debug|iPhone
		{7EE4C3F0-A3B1-419D-B428-8ACE16371928}.Debug|iPhone.ActiveCfg = Debug|iPhone
		{7EE4C3F0-A3B1-419D-B428-8ACE16371928}.Debug|iPhone.Build.0 = Debug|iPhone
		{7EE4C3F0-A3B1-419D-B428-8ACE16371928}.Debug|iPhoneSimulator.ActiveCfg = Debug|iPhoneSimulator
		{7EE4C3F0-A3B1-419D-B428-8ACE16371928}.Debug|iPhoneSimulator.Build.0 = Debug|iPhoneSimulator
		{7EE4C3F0-A3B1-419D-B428-8ACE16371928}.Debug|x64.ActiveCfg = Debug|iPhone
		{7EE4C3F0-A3B1-419D-B428-8ACE16371928}.Debug|x86.ActiveCfg = Debug|iPhone
		{7EE4C3F0-A3B1-419D-B428-8ACE16371928}.Release|Any CPU.ActiveCfg = Release|iPhone
		{7EE4C3F0-A3B1-419D-B428-8ACE16371928}.Release|ARM.ActiveCfg = Release|iPhone
		{7EE4C3F0-A3B1-419D-B428-8ACE16371928}.Release|iPhone.ActiveCfg = Release|iPhone
		{7EE4C3F0-A3B1-419D-B428-8ACE16371928}.Release|iPhone.Build.0 = Release|iPhone
		{7EE4C3F0-A3B1-419D-B428-8ACE16371928}.Release|iPhoneSimulator.ActiveCfg = Release|iPhoneSimulator
		{7EE4C3F0-A3B1-419D-B428-8ACE16371928}.Release|iPhoneSimulator.Build.0 = Release|iPhoneSimulator
		{7EE4C3F0-A3B1-419D-B428-8ACE16371928}.Release|x64.ActiveCfg = Release|iPhone
		{7EE4C3F0-A3B1-419D-B428-8ACE16371928}.Release|x86.ActiveCfg = Release|iPhone
		{A7B57140-B3DC-4D80-8D3F-2E4B166F91AD}.Ad-Hoc|Any CPU.ActiveCfg = Release|Any CPU
		{A7B57140-B3DC-4D80-8D3F-2E4B166F91AD}.Ad-Hoc|Any CPU.Build.0 = Release|Any CPU
		{A7B57140-B3DC-4D80-8D3F-2E4B166F91AD}.Ad-Hoc|Any CPU.Deploy.0 = Release|Any CPU
		{A7B57140-B3DC-4D80-8D3F-2E4B166F91AD}.Ad-Hoc|ARM.ActiveCfg = Release|ARM
		{A7B57140-B3DC-4D80-8D3F-2E4B166F91AD}.Ad-Hoc|ARM.Build.0 = Release|ARM
		{A7B57140-B3DC-4D80-8D3F-2E4B166F91AD}.Ad-Hoc|ARM.Deploy.0 = Release|ARM
		{A7B57140-B3DC-4D80-8D3F-2E4B166F91AD}.Ad-Hoc|iPhone.ActiveCfg = Release|Any CPU
		{A7B57140-B3DC-4D80-8D3F-2E4B166F91AD}.Ad-Hoc|iPhone.Build.0 = Release|Any CPU
		{A7B57140-B3DC-4D80-8D3F-2E4B166F91AD}.Ad-Hoc|iPhone.Deploy.0 = Release|Any CPU
		{A7B57140-B3DC-4D80-8D3F-2E4B166F91AD}.Ad-Hoc|iPhoneSimulator.ActiveCfg = Release|Any CPU
		{A7B57140-B3DC-4D80-8D3F-2E4B166F91AD}.Ad-Hoc|iPhoneSimulator.Build.0 = Release|Any CPU
		{A7B57140-B3DC-4D80-8D3F-2E4B166F91AD}.Ad-Hoc|iPhoneSimulator.Deploy.0 = Release|Any CPU
		{A7B57140-B3DC-4D80-8D3F-2E4B166F91AD}.Ad-Hoc|x64.ActiveCfg = Release|Any CPU
		{A7B57140-B3DC-4D80-8D3F-2E4B166F91AD}.Ad-Hoc|x64.Build.0 = Release|Any CPU
		{A7B57140-B3DC-4D80-8D3F-2E4B166F91AD}.Ad-Hoc|x64.Deploy.0 = Release|Any CPU
		{A7B57140-B3DC-4D80-8D3F-2E4B166F91AD}.Ad-Hoc|x86.ActiveCfg = Release|x86
		{A7B57140-B3DC-4D80-8D3F-2E4B166F91AD}.Ad-Hoc|x86.Build.0 = Release|x86
		{A7B57140-B3DC-4D80-8D3F-2E4B166F91AD}.Ad-Hoc|x86.Deploy.0 = Release|x86
		{A7B57140-B3DC-4D80-8D3F-2E4B166F91AD}.AppStore|Any CPU.ActiveCfg = Release|Any CPU
		{A7B57140-B3DC-4D80-8D3F-2E4B166F91AD}.AppStore|Any CPU.Build.0 = Release|Any CPU
		{A7B57140-B3DC-4D80-8D3F-2E4B166F91AD}.AppStore|Any CPU.Deploy.0 = Release|Any CPU
		{A7B57140-B3DC-4D80-8D3F-2E4B166F91AD}.AppStore|ARM.ActiveCfg = Release|ARM
		{A7B57140-B3DC-4D80-8D3F-2E4B166F91AD}.AppStore|ARM.Build.0 = Release|ARM
		{A7B57140-B3DC-4D80-8D3F-2E4B166F91AD}.AppStore|ARM.Deploy.0 = Release|ARM
		{A7B57140-B3DC-4D80-8D3F-2E4B166F91AD}.AppStore|iPhone.ActiveCfg = Release|Any CPU
		{A7B57140-B3DC-4D80-8D3F-2E4B166F91AD}.AppStore|iPhone.Build.0 = Release|Any CPU
		{A7B57140-B3DC-4D80-8D3F-2E4B166F91AD}.AppStore|iPhone.Deploy.0 = Release|Any CPU
		{A7B57140-B3DC-4D80-8D3F-2E4B166F91AD}.AppStore|iPhoneSimulator.ActiveCfg = Release|Any CPU
		{A7B57140-B3DC-4D80-8D3F-2E4B166F91AD}.AppStore|iPhoneSimulator.Build.0 = Release|Any CPU
		{A7B57140-B3DC-4D80-8D3F-2E4B166F91AD}.AppStore|iPhoneSimulator.Deploy.0 = Release|Any CPU
		{A7B57140-B3DC-4D80-8D3F-2E4B166F91AD}.AppStore|x64.ActiveCfg = Release|Any CPU
		{A7B57140-B3DC-4D80-8D3F-2E4B166F91AD}.AppStore|x64.Build.0 = Release|Any CPU
		{A7B57140-B3DC-4D80-8D3F-2E4B166F91AD}.AppStore|x64.Deploy.0 = Release|Any CPU
		{A7B57140-B3DC-4D80-8D3F-2E4B166F91AD}.AppStore|x86.ActiveCfg = Release|x86
		{A7B57140-B3DC-4D80-8D3F-2E4B166F91AD}.AppStore|x86.Build.0 = Release|x86
		{A7B57140-B3DC-4D80-8D3F-2E4B166F91AD}.AppStore|x86.Deploy.0 = Release|x86
		{A7B57140-B3DC-4D80-8D3F-2E4B166F91AD}.Debug|Any CPU.ActiveCfg = Debug|Any CPU
		{A7B57140-B3DC-4D80-8D3F-2E4B166F91AD}.Debug|Any CPU.Build.0 = Debug|Any CPU
		{A7B57140-B3DC-4D80-8D3F-2E4B166F91AD}.Debug|Any CPU.Deploy.0 = Debug|Any CPU
		{A7B57140-B3DC-4D80-8D3F-2E4B166F91AD}.Debug|ARM.ActiveCfg = Debug|ARM
		{A7B57140-B3DC-4D80-8D3F-2E4B166F91AD}.Debug|ARM.Build.0 = Debug|ARM
		{A7B57140-B3DC-4D80-8D3F-2E4B166F91AD}.Debug|ARM.Deploy.0 = Debug|ARM
		{A7B57140-B3DC-4D80-8D3F-2E4B166F91AD}.Debug|iPhone.ActiveCfg = Debug|Any CPU
		{A7B57140-B3DC-4D80-8D3F-2E4B166F91AD}.Debug|iPhone.Build.0 = Debug|Any CPU
		{A7B57140-B3DC-4D80-8D3F-2E4B166F91AD}.Debug|iPhone.Deploy.0 = Debug|Any CPU
		{A7B57140-B3DC-4D80-8D3F-2E4B166F91AD}.Debug|iPhoneSimulator.ActiveCfg = Debug|Any CPU
		{A7B57140-B3DC-4D80-8D3F-2E4B166F91AD}.Debug|iPhoneSimulator.Build.0 = Debug|Any CPU
		{A7B57140-B3DC-4D80-8D3F-2E4B166F91AD}.Debug|iPhoneSimulator.Deploy.0 = Debug|Any CPU
		{A7B57140-B3DC-4D80-8D3F-2E4B166F91AD}.Debug|x64.ActiveCfg = Debug|Any CPU
		{A7B57140-B3DC-4D80-8D3F-2E4B166F91AD}.Debug|x64.Build.0 = Debug|Any CPU
		{A7B57140-B3DC-4D80-8D3F-2E4B166F91AD}.Debug|x64.Deploy.0 = Debug|Any CPU
		{A7B57140-B3DC-4D80-8D3F-2E4B166F91AD}.Debug|x86.ActiveCfg = Debug|x86
		{A7B57140-B3DC-4D80-8D3F-2E4B166F91AD}.Debug|x86.Build.0 = Debug|x86
		{A7B57140-B3DC-4D80-8D3F-2E4B166F91AD}.Debug|x86.Deploy.0 = Debug|x86
		{A7B57140-B3DC-4D80-8D3F-2E4B166F91AD}.Release|Any CPU.ActiveCfg = Release|Any CPU
		{A7B57140-B3DC-4D80-8D3F-2E4B166F91AD}.Release|Any CPU.Build.0 = Release|Any CPU
		{A7B57140-B3DC-4D80-8D3F-2E4B166F91AD}.Release|Any CPU.Deploy.0 = Release|Any CPU
		{A7B57140-B3DC-4D80-8D3F-2E4B166F91AD}.Release|ARM.ActiveCfg = Release|ARM
		{A7B57140-B3DC-4D80-8D3F-2E4B166F91AD}.Release|ARM.Build.0 = Release|ARM
		{A7B57140-B3DC-4D80-8D3F-2E4B166F91AD}.Release|ARM.Deploy.0 = Release|ARM
		{A7B57140-B3DC-4D80-8D3F-2E4B166F91AD}.Release|iPhone.ActiveCfg = Release|Any CPU
		{A7B57140-B3DC-4D80-8D3F-2E4B166F91AD}.Release|iPhone.Build.0 = Release|Any CPU
		{A7B57140-B3DC-4D80-8D3F-2E4B166F91AD}.Release|iPhone.Deploy.0 = Release|Any CPU
		{A7B57140-B3DC-4D80-8D3F-2E4B166F91AD}.Release|iPhoneSimulator.ActiveCfg = Release|Any CPU
		{A7B57140-B3DC-4D80-8D3F-2E4B166F91AD}.Release|iPhoneSimulator.Build.0 = Release|Any CPU
		{A7B57140-B3DC-4D80-8D3F-2E4B166F91AD}.Release|iPhoneSimulator.Deploy.0 = Release|Any CPU
		{A7B57140-B3DC-4D80-8D3F-2E4B166F91AD}.Release|x64.ActiveCfg = Release|Any CPU
		{A7B57140-B3DC-4D80-8D3F-2E4B166F91AD}.Release|x64.Build.0 = Release|Any CPU
		{A7B57140-B3DC-4D80-8D3F-2E4B166F91AD}.Release|x64.Deploy.0 = Release|Any CPU
		{A7B57140-B3DC-4D80-8D3F-2E4B166F91AD}.Release|x86.ActiveCfg = Release|x86
		{A7B57140-B3DC-4D80-8D3F-2E4B166F91AD}.Release|x86.Build.0 = Release|x86
		{A7B57140-B3DC-4D80-8D3F-2E4B166F91AD}.Release|x86.Deploy.0 = Release|x86
		{ADC1334C-1E48-4245-B71D-4335BC5CD844}.Ad-Hoc|Any CPU.ActiveCfg = Release|Any CPU
		{ADC1334C-1E48-4245-B71D-4335BC5CD844}.Ad-Hoc|Any CPU.Build.0 = Release|Any CPU
		{ADC1334C-1E48-4245-B71D-4335BC5CD844}.Ad-Hoc|Any CPU.Deploy.0 = Release|Any CPU
		{ADC1334C-1E48-4245-B71D-4335BC5CD844}.Ad-Hoc|ARM.ActiveCfg = Release|ARM
		{ADC1334C-1E48-4245-B71D-4335BC5CD844}.Ad-Hoc|ARM.Build.0 = Release|ARM
		{ADC1334C-1E48-4245-B71D-4335BC5CD844}.Ad-Hoc|ARM.Deploy.0 = Release|ARM
		{ADC1334C-1E48-4245-B71D-4335BC5CD844}.Ad-Hoc|iPhone.ActiveCfg = Release|Any CPU
		{ADC1334C-1E48-4245-B71D-4335BC5CD844}.Ad-Hoc|iPhone.Build.0 = Release|Any CPU
		{ADC1334C-1E48-4245-B71D-4335BC5CD844}.Ad-Hoc|iPhone.Deploy.0 = Release|Any CPU
		{ADC1334C-1E48-4245-B71D-4335BC5CD844}.Ad-Hoc|iPhoneSimulator.ActiveCfg = Release|Any CPU
		{ADC1334C-1E48-4245-B71D-4335BC5CD844}.Ad-Hoc|iPhoneSimulator.Build.0 = Release|Any CPU
		{ADC1334C-1E48-4245-B71D-4335BC5CD844}.Ad-Hoc|iPhoneSimulator.Deploy.0 = Release|Any CPU
		{ADC1334C-1E48-4245-B71D-4335BC5CD844}.Ad-Hoc|x64.ActiveCfg = Release|x64
		{ADC1334C-1E48-4245-B71D-4335BC5CD844}.Ad-Hoc|x64.Build.0 = Release|x64
		{ADC1334C-1E48-4245-B71D-4335BC5CD844}.Ad-Hoc|x64.Deploy.0 = Release|x64
		{ADC1334C-1E48-4245-B71D-4335BC5CD844}.Ad-Hoc|x86.ActiveCfg = Release|x86
		{ADC1334C-1E48-4245-B71D-4335BC5CD844}.Ad-Hoc|x86.Build.0 = Release|x86
		{ADC1334C-1E48-4245-B71D-4335BC5CD844}.Ad-Hoc|x86.Deploy.0 = Release|x86
		{ADC1334C-1E48-4245-B71D-4335BC5CD844}.AppStore|Any CPU.ActiveCfg = Release|Any CPU
		{ADC1334C-1E48-4245-B71D-4335BC5CD844}.AppStore|Any CPU.Build.0 = Release|Any CPU
		{ADC1334C-1E48-4245-B71D-4335BC5CD844}.AppStore|Any CPU.Deploy.0 = Release|Any CPU
		{ADC1334C-1E48-4245-B71D-4335BC5CD844}.AppStore|ARM.ActiveCfg = Release|ARM
		{ADC1334C-1E48-4245-B71D-4335BC5CD844}.AppStore|ARM.Build.0 = Release|ARM
		{ADC1334C-1E48-4245-B71D-4335BC5CD844}.AppStore|ARM.Deploy.0 = Release|ARM
		{ADC1334C-1E48-4245-B71D-4335BC5CD844}.AppStore|iPhone.ActiveCfg = Release|Any CPU
		{ADC1334C-1E48-4245-B71D-4335BC5CD844}.AppStore|iPhone.Build.0 = Release|Any CPU
		{ADC1334C-1E48-4245-B71D-4335BC5CD844}.AppStore|iPhone.Deploy.0 = Release|Any CPU
		{ADC1334C-1E48-4245-B71D-4335BC5CD844}.AppStore|iPhoneSimulator.ActiveCfg = Release|Any CPU
		{ADC1334C-1E48-4245-B71D-4335BC5CD844}.AppStore|iPhoneSimulator.Build.0 = Release|Any CPU
		{ADC1334C-1E48-4245-B71D-4335BC5CD844}.AppStore|iPhoneSimulator.Deploy.0 = Release|Any CPU
		{ADC1334C-1E48-4245-B71D-4335BC5CD844}.AppStore|x64.ActiveCfg = Release|x64
		{ADC1334C-1E48-4245-B71D-4335BC5CD844}.AppStore|x64.Build.0 = Release|x64
		{ADC1334C-1E48-4245-B71D-4335BC5CD844}.AppStore|x64.Deploy.0 = Release|x64
		{ADC1334C-1E48-4245-B71D-4335BC5CD844}.AppStore|x86.ActiveCfg = Release|x86
		{ADC1334C-1E48-4245-B71D-4335BC5CD844}.AppStore|x86.Build.0 = Release|x86
		{ADC1334C-1E48-4245-B71D-4335BC5CD844}.AppStore|x86.Deploy.0 = Release|x86
		{ADC1334C-1E48-4245-B71D-4335BC5CD844}.Debug|Any CPU.ActiveCfg = Debug|Any CPU
		{ADC1334C-1E48-4245-B71D-4335BC5CD844}.Debug|Any CPU.Build.0 = Debug|Any CPU
		{ADC1334C-1E48-4245-B71D-4335BC5CD844}.Debug|Any CPU.Deploy.0 = Debug|Any CPU
		{ADC1334C-1E48-4245-B71D-4335BC5CD844}.Debug|ARM.ActiveCfg = Debug|ARM
		{ADC1334C-1E48-4245-B71D-4335BC5CD844}.Debug|ARM.Build.0 = Debug|ARM
		{ADC1334C-1E48-4245-B71D-4335BC5CD844}.Debug|ARM.Deploy.0 = Debug|ARM
		{ADC1334C-1E48-4245-B71D-4335BC5CD844}.Debug|iPhone.ActiveCfg = Debug|Any CPU
		{ADC1334C-1E48-4245-B71D-4335BC5CD844}.Debug|iPhone.Build.0 = Debug|Any CPU
		{ADC1334C-1E48-4245-B71D-4335BC5CD844}.Debug|iPhone.Deploy.0 = Debug|Any CPU
		{ADC1334C-1E48-4245-B71D-4335BC5CD844}.Debug|iPhoneSimulator.ActiveCfg = Debug|Any CPU
		{ADC1334C-1E48-4245-B71D-4335BC5CD844}.Debug|iPhoneSimulator.Build.0 = Debug|Any CPU
		{ADC1334C-1E48-4245-B71D-4335BC5CD844}.Debug|iPhoneSimulator.Deploy.0 = Debug|Any CPU
		{ADC1334C-1E48-4245-B71D-4335BC5CD844}.Debug|x64.ActiveCfg = Debug|x64
		{ADC1334C-1E48-4245-B71D-4335BC5CD844}.Debug|x64.Build.0 = Debug|x64
		{ADC1334C-1E48-4245-B71D-4335BC5CD844}.Debug|x64.Deploy.0 = Debug|x64
		{ADC1334C-1E48-4245-B71D-4335BC5CD844}.Debug|x86.ActiveCfg = Debug|x86
		{ADC1334C-1E48-4245-B71D-4335BC5CD844}.Debug|x86.Build.0 = Debug|x86
		{ADC1334C-1E48-4245-B71D-4335BC5CD844}.Debug|x86.Deploy.0 = Debug|x86
		{ADC1334C-1E48-4245-B71D-4335BC5CD844}.Release|Any CPU.ActiveCfg = Release|Any CPU
		{ADC1334C-1E48-4245-B71D-4335BC5CD844}.Release|Any CPU.Build.0 = Release|Any CPU
		{ADC1334C-1E48-4245-B71D-4335BC5CD844}.Release|Any CPU.Deploy.0 = Release|Any CPU
		{ADC1334C-1E48-4245-B71D-4335BC5CD844}.Release|ARM.ActiveCfg = Release|ARM
		{ADC1334C-1E48-4245-B71D-4335BC5CD844}.Release|ARM.Build.0 = Release|ARM
		{ADC1334C-1E48-4245-B71D-4335BC5CD844}.Release|ARM.Deploy.0 = Release|ARM
		{ADC1334C-1E48-4245-B71D-4335BC5CD844}.Release|iPhone.ActiveCfg = Release|Any CPU
		{ADC1334C-1E48-4245-B71D-4335BC5CD844}.Release|iPhone.Build.0 = Release|Any CPU
		{ADC1334C-1E48-4245-B71D-4335BC5CD844}.Release|iPhone.Deploy.0 = Release|Any CPU
		{ADC1334C-1E48-4245-B71D-4335BC5CD844}.Release|iPhoneSimulator.ActiveCfg = Release|Any CPU
		{ADC1334C-1E48-4245-B71D-4335BC5CD844}.Release|iPhoneSimulator.Build.0 = Release|Any CPU
		{ADC1334C-1E48-4245-B71D-4335BC5CD844}.Release|iPhoneSimulator.Deploy.0 = Release|Any CPU
		{ADC1334C-1E48-4245-B71D-4335BC5CD844}.Release|x64.ActiveCfg = Release|x64
		{ADC1334C-1E48-4245-B71D-4335BC5CD844}.Release|x64.Build.0 = Release|x64
		{ADC1334C-1E48-4245-B71D-4335BC5CD844}.Release|x64.Deploy.0 = Release|x64
		{ADC1334C-1E48-4245-B71D-4335BC5CD844}.Release|x86.ActiveCfg = Release|x86
		{ADC1334C-1E48-4245-B71D-4335BC5CD844}.Release|x86.Build.0 = Release|x86
		{ADC1334C-1E48-4245-B71D-4335BC5CD844}.Release|x86.Deploy.0 = Release|x86
		{391ECE4F-A359-4E21-AAA6-A5270F24C792}.Ad-Hoc|Any CPU.ActiveCfg = Release|Any CPU
		{391ECE4F-A359-4E21-AAA6-A5270F24C792}.Ad-Hoc|Any CPU.Build.0 = Release|Any CPU
		{391ECE4F-A359-4E21-AAA6-A5270F24C792}.Ad-Hoc|ARM.ActiveCfg = Release|Any CPU
		{391ECE4F-A359-4E21-AAA6-A5270F24C792}.Ad-Hoc|ARM.Build.0 = Release|Any CPU
		{391ECE4F-A359-4E21-AAA6-A5270F24C792}.Ad-Hoc|iPhone.ActiveCfg = Release|Any CPU
		{391ECE4F-A359-4E21-AAA6-A5270F24C792}.Ad-Hoc|iPhone.Build.0 = Release|Any CPU
		{391ECE4F-A359-4E21-AAA6-A5270F24C792}.Ad-Hoc|iPhoneSimulator.ActiveCfg = Release|Any CPU
		{391ECE4F-A359-4E21-AAA6-A5270F24C792}.Ad-Hoc|iPhoneSimulator.Build.0 = Release|Any CPU
		{391ECE4F-A359-4E21-AAA6-A5270F24C792}.Ad-Hoc|x64.ActiveCfg = Release|Any CPU
		{391ECE4F-A359-4E21-AAA6-A5270F24C792}.Ad-Hoc|x64.Build.0 = Release|Any CPU
		{391ECE4F-A359-4E21-AAA6-A5270F24C792}.Ad-Hoc|x86.ActiveCfg = Release|Any CPU
		{391ECE4F-A359-4E21-AAA6-A5270F24C792}.Ad-Hoc|x86.Build.0 = Release|Any CPU
		{391ECE4F-A359-4E21-AAA6-A5270F24C792}.AppStore|Any CPU.ActiveCfg = Release|Any CPU
		{391ECE4F-A359-4E21-AAA6-A5270F24C792}.AppStore|Any CPU.Build.0 = Release|Any CPU
		{391ECE4F-A359-4E21-AAA6-A5270F24C792}.AppStore|ARM.ActiveCfg = Release|Any CPU
		{391ECE4F-A359-4E21-AAA6-A5270F24C792}.AppStore|ARM.Build.0 = Release|Any CPU
		{391ECE4F-A359-4E21-AAA6-A5270F24C792}.AppStore|iPhone.ActiveCfg = Release|Any CPU
		{391ECE4F-A359-4E21-AAA6-A5270F24C792}.AppStore|iPhone.Build.0 = Release|Any CPU
		{391ECE4F-A359-4E21-AAA6-A5270F24C792}.AppStore|iPhoneSimulator.ActiveCfg = Release|Any CPU
		{391ECE4F-A359-4E21-AAA6-A5270F24C792}.AppStore|iPhoneSimulator.Build.0 = Release|Any CPU
		{391ECE4F-A359-4E21-AAA6-A5270F24C792}.AppStore|x64.ActiveCfg = Release|Any CPU
		{391ECE4F-A359-4E21-AAA6-A5270F24C792}.AppStore|x64.Build.0 = Release|Any CPU
		{391ECE4F-A359-4E21-AAA6-A5270F24C792}.AppStore|x86.ActiveCfg = Release|Any CPU
		{391ECE4F-A359-4E21-AAA6-A5270F24C792}.AppStore|x86.Build.0 = Release|Any CPU
		{391ECE4F-A359-4E21-AAA6-A5270F24C792}.Debug|Any CPU.ActiveCfg = Debug|Any CPU
		{391ECE4F-A359-4E21-AAA6-A5270F24C792}.Debug|Any CPU.Build.0 = Debug|Any CPU
		{391ECE4F-A359-4E21-AAA6-A5270F24C792}.Debug|ARM.ActiveCfg = Debug|Any CPU
		{391ECE4F-A359-4E21-AAA6-A5270F24C792}.Debug|ARM.Build.0 = Debug|Any CPU
		{391ECE4F-A359-4E21-AAA6-A5270F24C792}.Debug|iPhone.ActiveCfg = Debug|Any CPU
		{391ECE4F-A359-4E21-AAA6-A5270F24C792}.Debug|iPhone.Build.0 = Debug|Any CPU
		{391ECE4F-A359-4E21-AAA6-A5270F24C792}.Debug|iPhoneSimulator.ActiveCfg = Debug|Any CPU
		{391ECE4F-A359-4E21-AAA6-A5270F24C792}.Debug|iPhoneSimulator.Build.0 = Debug|Any CPU
		{391ECE4F-A359-4E21-AAA6-A5270F24C792}.Debug|x64.ActiveCfg = Debug|Any CPU
		{391ECE4F-A359-4E21-AAA6-A5270F24C792}.Debug|x64.Build.0 = Debug|Any CPU
		{391ECE4F-A359-4E21-AAA6-A5270F24C792}.Debug|x86.ActiveCfg = Debug|Any CPU
		{391ECE4F-A359-4E21-AAA6-A5270F24C792}.Debug|x86.Build.0 = Debug|Any CPU
		{391ECE4F-A359-4E21-AAA6-A5270F24C792}.Release|Any CPU.ActiveCfg = Release|Any CPU
		{391ECE4F-A359-4E21-AAA6-A5270F24C792}.Release|Any CPU.Build.0 = Release|Any CPU
		{391ECE4F-A359-4E21-AAA6-A5270F24C792}.Release|ARM.ActiveCfg = Release|Any CPU
		{391ECE4F-A359-4E21-AAA6-A5270F24C792}.Release|ARM.Build.0 = Release|Any CPU
		{391ECE4F-A359-4E21-AAA6-A5270F24C792}.Release|iPhone.ActiveCfg = Release|Any CPU
		{391ECE4F-A359-4E21-AAA6-A5270F24C792}.Release|iPhone.Build.0 = Release|Any CPU
		{391ECE4F-A359-4E21-AAA6-A5270F24C792}.Release|iPhoneSimulator.ActiveCfg = Release|Any CPU
		{391ECE4F-A359-4E21-AAA6-A5270F24C792}.Release|iPhoneSimulator.Build.0 = Release|Any CPU
		{391ECE4F-A359-4E21-AAA6-A5270F24C792}.Release|x64.ActiveCfg = Release|Any CPU
		{391ECE4F-A359-4E21-AAA6-A5270F24C792}.Release|x64.Build.0 = Release|Any CPU
		{391ECE4F-A359-4E21-AAA6-A5270F24C792}.Release|x86.ActiveCfg = Release|Any CPU
		{391ECE4F-A359-4E21-AAA6-A5270F24C792}.Release|x86.Build.0 = Release|Any CPU
	EndGlobalSection
	GlobalSection(SolutionProperties) = preSolution
		HideSolutionNode = FALSE
	EndGlobalSection
EndGlobal
